
Microsoft Visual Studio Solution File, Format Version 12.00
# Visual Studio 15
VisualStudioVersion = 15.0.28307.645
MinimumVisualStudioVersion = 10.0.40219.1
Project("{FAE04EC0-301F-11D3-BF4B-00C04F79EFBC}") = "MvcMovie", "MvcMovie\MvcMovie.csproj", "{6441A0A6-7B6B-4D62-9F9D-CFB432B6720C}"
EndProject
Global
	GlobalSection(SolutionConfigurationPlatforms) = preSolution
		Debug|Any CPU = Debug|Any CPU
		Release|Any CPU = Release|Any CPU
	EndGlobalSection
	GlobalSection(ProjectConfigurationPlatforms) = postSolution
		{6441A0A6-7B6B-4D62-9F9D-CFB432B6720C}.Debug|Any CPU.ActiveCfg = Debug|Any CPU
		{6441A0A6-7B6B-4D62-9F9D-CFB432B6720C}.Debug|Any CPU.Build.0 = Debug|Any CPU
		{6441A0A6-7B6B-4D62-9F9D-CFB432B6720C}.Release|Any CPU.ActiveCfg = Release|Any CPU
		{6441A0A6-7B6B-4D62-9F9D-CFB432B6720C}.Release|Any CPU.Build.0 = Release|Any CPU
	EndGlobalSection
	GlobalSection(SolutionProperties) = preSolution
		HideSolutionNode = FALSE
	EndGlobalSection
	GlobalSection(ExtensibilityGlobals) = postSolution
		SolutionGuid = {0E69F7EA-60FD-4F96-B4F2-93B4D026F453}
	EndGlobalSection
EndGlobal
